
Microsoft Visual Studio Solution File, Format Version 12.00
# Visual Studio Version 16
VisualStudioVersion = 16.0.32901.82
MinimumVisualStudioVersion = 10.0.40219.1
Project("{FAE04EC0-301F-11D3-BF4B-00C04F79EFBC}") = "pr4", "pr4\pr4.csproj", "{1DA39577-CF59-4A64-96A5-A22F61D0A867}"
EndProject
Project("{FAE04EC0-301F-11D3-BF4B-00C04F79EFBC}") = "roar1", "roar1\roar1.csproj", "{9992712A-A11E-422C-AA26-AE2EF0D39929}"
EndProject
Global
	GlobalSection(SolutionConfigurationPlatforms) = preSolution
		Debug|Any CPU = Debug|Any CPU
		Release|Any CPU = Release|Any CPU
	EndGlobalSection
	GlobalSection(ProjectConfigurationPlatforms) = postSolution
		{1DA39577-CF59-4A64-96A5-A22F61D0A867}.Debug|Any CPU.ActiveCfg = Debug|Any CPU
		{1DA39577-CF59-4A64-96A5-A22F61D0A867}.Debug|Any CPU.Build.0 = Debug|Any CPU
		{1DA39577-CF59-4A64-96A5-A22F61D0A867}.Release|Any CPU.ActiveCfg = Release|Any CPU
		{1DA39577-CF59-4A64-96A5-A22F61D0A867}.Release|Any CPU.Build.0 = Release|Any CPU
		{9992712A-A11E-422C-AA26-AE2EF0D39929}.Debug|Any CPU.ActiveCfg = Debug|Any CPU
		{9992712A-A11E-422C-AA26-AE2EF0D39929}.Debug|Any CPU.Build.0 = Debug|Any CPU
		{9992712A-A11E-422C-AA26-AE2EF0D39929}.Release|Any CPU.ActiveCfg = Release|Any CPU
		{9992712A-A11E-422C-AA26-AE2EF0D39929}.Release|Any CPU.Build.0 = Release|Any CPU
	EndGlobalSection
	GlobalSection(SolutionProperties) = preSolution
		HideSolutionNode = FALSE
	EndGlobalSection
	GlobalSection(ExtensibilityGlobals) = postSolution
		SolutionGuid = {523DDACC-916F-4213-893D-3C2A0DE79B76}
	EndGlobalSection
EndGlobal
